
Microsoft Visual Studio Solution File, Format Version 12.00
# Visual Studio Version 17
VisualStudioVersion = 17.1.32421.90
MinimumVisualStudioVersion = 10.0.40219.1
Project("{FAE04EC0-301F-11D3-BF4B-00C04F79EFBC}") = "BasicAntiCheat", "BasicAntiCheat\BasicAntiCheat.csproj", "{A3FE7F4C-A4A8-4C62-9BA0-005A6542F7C0}"
EndProject
Global
	GlobalSection(SolutionConfigurationPlatforms) = preSolution
		Debug|Any CPU = Debug|Any CPU
		Release|Any CPU = Release|Any CPU
	EndGlobalSection
	GlobalSection(ProjectConfigurationPlatforms) = postSolution
		{A3FE7F4C-A4A8-4C62-9BA0-005A6542F7C0}.Debug|Any CPU.ActiveCfg = Debug|Any CPU
		{A3FE7F4C-A4A8-4C62-9BA0-005A6542F7C0}.Debug|Any CPU.Build.0 = Debug|Any CPU
		{A3FE7F4C-A4A8-4C62-9BA0-005A6542F7C0}.Release|Any CPU.ActiveCfg = Release|Any CPU
		{A3FE7F4C-A4A8-4C62-9BA0-005A6542F7C0}.Release|Any CPU.Build.0 = Release|Any CPU
	EndGlobalSection
	GlobalSection(SolutionProperties) = preSolution
		HideSolutionNode = FALSE
	EndGlobalSection
	GlobalSection(ExtensibilityGlobals) = postSolution
		SolutionGuid = {389DC1D2-3F4C-44CF-8691-EDCAA7695D69}
	EndGlobalSection
EndGlobal
